
Microsoft Visual Studio Solution File, Format Version 12.00
# Visual Studio Version 16
VisualStudioVersion = 16.0.29102.190
MinimumVisualStudioVersion = 10.0.40219.1
Project("{9A19103F-16F7-4668-BE54-9A1E7A4F7556}") = "Skybrud.Essentials.Http", "Skybrud.Essentials.Http\Skybrud.Essentials.Http.csproj", "{8D185733-7758-407D-A677-C3C06ABC214B}"
EndProject
Project("{FAE04EC0-301F-11D3-BF4B-00C04F79EFBC}") = "UnitTestProject1", "UnitTestProject1\UnitTestProject1.csproj", "{0DEB8BE5-C8AE-431B-8E45-6DA0306D228F}"
EndProject
Project("{2150E333-8FDC-42A3-9474-1A3956D46DE8}") = "Solution Items", "Solution Items", "{D2E74D3F-8537-4F7B-9A7D-05F5ADBDFD22}"
	ProjectSection(SolutionItems) = preProject
		.editorconfig = .editorconfig
	EndProjectSection
EndProject
Global
	GlobalSection(SolutionConfigurationPlatforms) = preSolution
		Debug|Any CPU = Debug|Any CPU
		Release|Any CPU = Release|Any CPU
	EndGlobalSection
	GlobalSection(ProjectConfigurationPlatforms) = postSolution
		{8D185733-7758-407D-A677-C3C06ABC214B}.Debug|Any CPU.ActiveCfg = Debug|Any CPU
		{8D185733-7758-407D-A677-C3C06ABC214B}.Debug|Any CPU.Build.0 = Debug|Any CPU
		{8D185733-7758-407D-A677-C3C06ABC214B}.Release|Any CPU.ActiveCfg = Release|Any CPU
		{8D185733-7758-407D-A677-C3C06ABC214B}.Release|Any CPU.Build.0 = Release|Any CPU
		{0DEB8BE5-C8AE-431B-8E45-6DA0306D228F}.Debug|Any CPU.ActiveCfg = Debug|Any CPU
		{0DEB8BE5-C8AE-431B-8E45-6DA0306D228F}.Debug|Any CPU.Build.0 = Debug|Any CPU
		{0DEB8BE5-C8AE-431B-8E45-6DA0306D228F}.Release|Any CPU.ActiveCfg = Release|Any CPU
		{0DEB8BE5-C8AE-431B-8E45-6DA0306D228F}.Release|Any CPU.Build.0 = Release|Any CPU
	EndGlobalSection
	GlobalSection(SolutionProperties) = preSolution
		HideSolutionNode = FALSE
	EndGlobalSection
	GlobalSection(ExtensibilityGlobals) = postSolution
		SolutionGuid = {E0C97086-A729-4F2A-AAC0-BC82DD4DC7B4}
	EndGlobalSection
EndGlobal
